
Microsoft Visual Studio Solution File, Format Version 12.00
# Visual Studio Version 16
VisualStudioVersion = 16.0.33214.272
MinimumVisualStudioVersion = 10.0.40219.1
Project("{F184B08F-C81C-45F6-A57F-5ABD9991F28F}") = "WeeklyAssignment8", "WeeklyAssignment8\WeeklyAssignment8.vbproj", "{EED51C95-235D-4E64-A525-0C6E699AFED4}"
EndProject
Global
	GlobalSection(SolutionConfigurationPlatforms) = preSolution
		Debug|Any CPU = Debug|Any CPU
		Release|Any CPU = Release|Any CPU
	EndGlobalSection
	GlobalSection(ProjectConfigurationPlatforms) = postSolution
		{EED51C95-235D-4E64-A525-0C6E699AFED4}.Debug|Any CPU.ActiveCfg = Debug|Any CPU
		{EED51C95-235D-4E64-A525-0C6E699AFED4}.Debug|Any CPU.Build.0 = Debug|Any CPU
		{EED51C95-235D-4E64-A525-0C6E699AFED4}.Release|Any CPU.ActiveCfg = Release|Any CPU
		{EED51C95-235D-4E64-A525-0C6E699AFED4}.Release|Any CPU.Build.0 = Release|Any CPU
	EndGlobalSection
	GlobalSection(SolutionProperties) = preSolution
		HideSolutionNode = FALSE
	EndGlobalSection
	GlobalSection(ExtensibilityGlobals) = postSolution
		SolutionGuid = {45F3EC2E-F04A-48B7-8F6E-AF06C7780DE1}
	EndGlobalSection
EndGlobal
